
Microsoft Visual Studio Solution File, Format Version 12.00
# Visual Studio Version 17
VisualStudioVersion = 17.4.33103.184
MinimumVisualStudioVersion = 10.0.40219.1
Project("{FAE04EC0-301F-11D3-BF4B-00C04F79EFBC}") = "rownanieKwadratowe", "rownanieKwadratowe.csproj", "{75ED694E-99CD-436B-8BBD-C488D96D8350}"
EndProject
Global
	GlobalSection(SolutionConfigurationPlatforms) = preSolution
		Debug|Any CPU = Debug|Any CPU
		Release|Any CPU = Release|Any CPU
	EndGlobalSection
	GlobalSection(ProjectConfigurationPlatforms) = postSolution
		{75ED694E-99CD-436B-8BBD-C488D96D8350}.Debug|Any CPU.ActiveCfg = Debug|Any CPU
		{75ED694E-99CD-436B-8BBD-C488D96D8350}.Debug|Any CPU.Build.0 = Debug|Any CPU
		{75ED694E-99CD-436B-8BBD-C488D96D8350}.Release|Any CPU.ActiveCfg = Release|Any CPU
		{75ED694E-99CD-436B-8BBD-C488D96D8350}.Release|Any CPU.Build.0 = Release|Any CPU
	EndGlobalSection
	GlobalSection(SolutionProperties) = preSolution
		HideSolutionNode = FALSE
	EndGlobalSection
	GlobalSection(ExtensibilityGlobals) = postSolution
		SolutionGuid = {67236599-3858-4480-96A8-9772E8B77EB8}
	EndGlobalSection
EndGlobal
