
Microsoft Visual Studio Solution File, Format Version 12.00
# Visual Studio Version 17
VisualStudioVersion = 17.4.33103.184
MinimumVisualStudioVersion = 10.0.40219.1
Project("{FAE04EC0-301F-11D3-BF4B-00C04F79EFBC}") = "paint", "paint.csproj", "{84BA6B80-4CA0-4292-858A-920E396767A4}"
EndProject
Global
	GlobalSection(SolutionConfigurationPlatforms) = preSolution
		Debug|Any CPU = Debug|Any CPU
		Release|Any CPU = Release|Any CPU
	EndGlobalSection
	GlobalSection(ProjectConfigurationPlatforms) = postSolution
		{84BA6B80-4CA0-4292-858A-920E396767A4}.Debug|Any CPU.ActiveCfg = Debug|Any CPU
		{84BA6B80-4CA0-4292-858A-920E396767A4}.Debug|Any CPU.Build.0 = Debug|Any CPU
		{84BA6B80-4CA0-4292-858A-920E396767A4}.Release|Any CPU.ActiveCfg = Release|Any CPU
		{84BA6B80-4CA0-4292-858A-920E396767A4}.Release|Any CPU.Build.0 = Release|Any CPU
	EndGlobalSection
	GlobalSection(SolutionProperties) = preSolution
		HideSolutionNode = FALSE
	EndGlobalSection
	GlobalSection(ExtensibilityGlobals) = postSolution
		SolutionGuid = {0EA5313C-05BF-4B32-B016-3380025225C7}
	EndGlobalSection
EndGlobal
