
Microsoft Visual Studio Solution File, Format Version 12.00
# Visual Studio Version 17
VisualStudioVersion = 17.5.33516.290
MinimumVisualStudioVersion = 10.0.40219.1
Project("{FAE04EC0-301F-11D3-BF4B-00C04F79EFBC}") = "Szeregi", "Szeregi.csproj", "{FAB15A5E-EAA1-4BE5-BDD4-CEB0399A4509}"
EndProject
Global
	GlobalSection(SolutionConfigurationPlatforms) = preSolution
		Debug|Any CPU = Debug|Any CPU
		Release|Any CPU = Release|Any CPU
	EndGlobalSection
	GlobalSection(ProjectConfigurationPlatforms) = postSolution
		{FAB15A5E-EAA1-4BE5-BDD4-CEB0399A4509}.Debug|Any CPU.ActiveCfg = Debug|Any CPU
		{FAB15A5E-EAA1-4BE5-BDD4-CEB0399A4509}.Debug|Any CPU.Build.0 = Debug|Any CPU
		{FAB15A5E-EAA1-4BE5-BDD4-CEB0399A4509}.Release|Any CPU.ActiveCfg = Release|Any CPU
		{FAB15A5E-EAA1-4BE5-BDD4-CEB0399A4509}.Release|Any CPU.Build.0 = Release|Any CPU
	EndGlobalSection
	GlobalSection(SolutionProperties) = preSolution
		HideSolutionNode = FALSE
	EndGlobalSection
	GlobalSection(ExtensibilityGlobals) = postSolution
		SolutionGuid = {CD2C60B8-2483-4CFB-AAA9-5FB2E53410B2}
	EndGlobalSection
EndGlobal
